// !$*UTF8*$!
{
	archiveVersion = 1;
	classes = {
	};
	objectVersion = 46;
	objects = {

/* Begin PBXBuildFile section */
		BA81B4571B4D955600D96E1E /* main.m in Sources */ = {isa = PBXBuildFile; fileRef = BA81B4561B4D955600D96E1E /* main.m */; };
		BA81B45A1B4D955600D96E1E /* AppDelegate.m in Sources */ = {isa = PBXBuildFile; fileRef = BA81B4591B4D955600D96E1E /* AppDelegate.m */; };
		BA81B4621B4D955600D96E1E /* Images.xcassets in Resources */ = {isa = PBXBuildFile; fileRef = BA81B4611B4D955600D96E1E /* Images.xcassets */; };
		BA81B4651B4D955600D96E1E /* LaunchScreen.xib in Resources */ = {isa = PBXBuildFile; fileRef = BA81B4631B4D955600D96E1E /* LaunchScreen.xib */; };
		BA81B4711B4D955600D96E1E /* BlocstagramTests.m in Sources */ = {isa = PBXBuildFile; fileRef = BA81B4701B4D955600D96E1E /* BlocstagramTests.m */; };
		BA81B4851B4D986A00D96E1E /* 1.JPG in Resources */ = {isa = PBXBuildFile; fileRef = BA81B47B1B4D986A00D96E1E /* 1.JPG */; };
		BA81B4861B4D986A00D96E1E /* 2.JPG in Resources */ = {isa = PBXBuildFile; fileRef = BA81B47C1B4D986A00D96E1E /* 2.JPG */; };
		BA81B4871B4D986A00D96E1E /* 3.JPG in Resources */ = {isa = PBXBuildFile; fileRef = BA81B47D1B4D986A00D96E1E /* 3.JPG */; };
		BA81B4881B4D986A00D96E1E /* 4.JPG in Resources */ = {isa = PBXBuildFile; fileRef = BA81B47E1B4D986A00D96E1E /* 4.JPG */; };
		BA81B4891B4D986A00D96E1E /* 5.JPG in Resources */ = {isa = PBXBuildFile; fileRef = BA81B47F1B4D986A00D96E1E /* 5.JPG */; };
		BA81B48A1B4D986A00D96E1E /* 6.JPG in Resources */ = {isa = PBXBuildFile; fileRef = BA81B4801B4D986A00D96E1E /* 6.JPG */; };
		BA81B48B1B4D986A00D96E1E /* 7.JPG in Resources */ = {isa = PBXBuildFile; fileRef = BA81B4811B4D986A00D96E1E /* 7.JPG */; };
		BA81B48C1B4D986A00D96E1E /* 8.JPG in Resources */ = {isa = PBXBuildFile; fileRef = BA81B4821B4D986A00D96E1E /* 8.JPG */; };
		BA81B48D1B4D986A00D96E1E /* 9.JPG in Resources */ = {isa = PBXBuildFile; fileRef = BA81B4831B4D986A00D96E1E /* 9.JPG */; };
		BA81B48E1B4D986A00D96E1E /* 10.JPG in Resources */ = {isa = PBXBuildFile; fileRef = BA81B4841B4D986A00D96E1E /* 10.JPG */; };
		BA81B4911B4D98A600D96E1E /* ImagesTableViewController.m in Sources */ = {isa = PBXBuildFile; fileRef = BA81B4901B4D98A600D96E1E /* ImagesTableViewController.m */; };
		BAD52D871B4DEED400AF7076 /* User.m in Sources */ = {isa = PBXBuildFile; fileRef = BAD52D861B4DEED400AF7076 /* User.m */; };
		BAD52D8A1B4DEF4E00AF7076 /* Media.m in Sources */ = {isa = PBXBuildFile; fileRef = BAD52D891B4DEF4E00AF7076 /* Media.m */; };
		BAD52D8D1B4DEFE300AF7076 /* Comment.m in Sources */ = {isa = PBXBuildFile; fileRef = BAD52D8C1B4DEFE300AF7076 /* Comment.m */; };
		BAD52D901B4DF06B00AF7076 /* DataSource.m in Sources */ = {isa = PBXBuildFile; fileRef = BAD52D8F1B4DF06B00AF7076 /* DataSource.m */; };
/* End PBXBuildFile section */

/* Begin PBXContainerItemProxy section */
		BA81B46B1B4D955600D96E1E /* PBXContainerItemProxy */ = {
			isa = PBXContainerItemProxy;
			containerPortal = BA81B4491B4D955600D96E1E /* Project object */;
			proxyType = 1;
			remoteGlobalIDString = BA81B4501B4D955600D96E1E;
			remoteInfo = Blocstagram;
		};
/* End PBXContainerItemProxy section */

/* Begin PBXFileReference section */
		BA81B4511B4D955600D96E1E /* Blocstagram.app */ = {isa = PBXFileReference; explicitFileType = wrapper.application; includeInIndex = 0; path = Blocstagram.app; sourceTree = BUILT_PRODUCTS_DIR; };
		BA81B4551B4D955600D96E1E /* Info.plist */ = {isa = PBXFileReference; lastKnownFileType = text.plist.xml; path = Info.plist; sourceTree = "<group>"; };
		BA81B4561B4D955600D96E1E /* main.m */ = {isa = PBXFileReference; lastKnownFileType = sourcecode.c.objc; path = main.m; sourceTree = "<group>"; };
		BA81B4581B4D955600D96E1E /* AppDelegate.h */ = {isa = PBXFileReference; lastKnownFileType = sourcecode.c.h; path = AppDelegate.h; sourceTree = "<group>"; };
		BA81B4591B4D955600D96E1E /* AppDelegate.m */ = {isa = PBXFileReference; lastKnownFileType = sourcecode.c.objc; path = AppDelegate.m; sourceTree = "<group>"; };
		BA81B4611B4D955600D96E1E /* Images.xcassets */ = {isa = PBXFileReference; lastKnownFileType = folder.assetcatalog; path = Images.xcassets; sourceTree = "<group>"; };
		BA81B4641B4D955600D96E1E /* Base */ = {isa = PBXFileReference; lastKnownFileType = file.xib; name = Base; path = Base.lproj/LaunchScreen.xib; sourceTree = "<group>"; };
		BA81B46A1B4D955600D96E1E /* BlocstagramTests.xctest */ = {isa = PBXFileReference; explicitFileType = wrapper.cfbundle; includeInIndex = 0; path = BlocstagramTests.xctest; sourceTree = BUILT_PRODUCTS_DIR; };
		BA81B46F1B4D955600D96E1E /* Info.plist */ = {isa = PBXFileReference; lastKnownFileType = text.plist.xml; path = Info.plist; sourceTree = "<group>"; };
		BA81B4701B4D955600D96E1E /* BlocstagramTests.m */ = {isa = PBXFileReference; lastKnownFileType = sourcecode.c.objc; path = BlocstagramTests.m; sourceTree = "<group>"; };
		BA81B47B1B4D986A00D96E1E /* 1.JPG */ = {isa = PBXFileReference; lastKnownFileType = image.jpeg; path = 1.JPG; sourceTree = "<group>"; };
		BA81B47C1B4D986A00D96E1E /* 2.JPG */ = {isa = PBXFileReference; lastKnownFileType = image.jpeg; path = 2.JPG; sourceTree = "<group>"; };
		BA81B47D1B4D986A00D96E1E /* 3.JPG */ = {isa = PBXFileReference; lastKnownFileType = image.jpeg; path = 3.JPG; sourceTree = "<group>"; };
		BA81B47E1B4D986A00D96E1E /* 4.JPG */ = {isa = PBXFileReference; lastKnownFileType = image.jpeg; path = 4.JPG; sourceTree = "<group>"; };
		BA81B47F1B4D986A00D96E1E /* 5.JPG */ = {isa = PBXFileReference; lastKnownFileType = image.jpeg; path = 5.JPG; sourceTree = "<group>"; };
		BA81B4801B4D986A00D96E1E /* 6.JPG */ = {isa = PBXFileReference; lastKnownFileType = image.jpeg; path = 6.JPG; sourceTree = "<group>"; };
		BA81B4811B4D986A00D96E1E /* 7.JPG */ = {isa = PBXFileReference; lastKnownFileType = image.jpeg; path = 7.JPG; sourceTree = "<group>"; };
		BA81B4821B4D986A00D96E1E /* 8.JPG */ = {isa = PBXFileReference; lastKnownFileType = image.jpeg; path = 8.JPG; sourceTree = "<group>"; };
		BA81B4831B4D986A00D96E1E /* 9.JPG */ = {isa = PBXFileReference; lastKnownFileType = image.jpeg; path = 9.JPG; sourceTree = "<group>"; };
		BA81B4841B4D986A00D96E1E /* 10.JPG */ = {isa = PBXFileReference; lastKnownFileType = image.jpeg; path = 10.JPG; sourceTree = "<group>"; };
		BA81B48F1B4D98A600D96E1E /* ImagesTableViewController.h */ = {isa = PBXFileReference; fileEncoding = 4; lastKnownFileType = sourcecode.c.h; path = ImagesTableViewController.h; sourceTree = "<group>"; };
		BA81B4901B4D98A600D96E1E /* ImagesTableViewController.m */ = {isa = PBXFileReference; fileEncoding = 4; lastKnownFileType = sourcecode.c.objc; path = ImagesTableViewController.m; sourceTree = "<group>"; };
		BAD52D851B4DEED400AF7076 /* User.h */ = {isa = PBXFileReference; fileEncoding = 4; lastKnownFileType = sourcecode.c.h; path = User.h; sourceTree = "<group>"; };
		BAD52D861B4DEED400AF7076 /* User.m */ = {isa = PBXFileReference; fileEncoding = 4; lastKnownFileType = sourcecode.c.objc; path = User.m; sourceTree = "<group>"; };
		BAD52D881B4DEF4E00AF7076 /* Media.h */ = {isa = PBXFileReference; fileEncoding = 4; lastKnownFileType = sourcecode.c.h; path = Media.h; sourceTree = "<group>"; };
		BAD52D891B4DEF4E00AF7076 /* Media.m */ = {isa = PBXFileReference; fileEncoding = 4; lastKnownFileType = sourcecode.c.objc; path = Media.m; sourceTree = "<group>"; };
		BAD52D8B1B4DEFE300AF7076 /* Comment.h */ = {isa = PBXFileReference; fileEncoding = 4; lastKnownFileType = sourcecode.c.h; path = Comment.h; sourceTree = "<group>"; };
		BAD52D8C1B4DEFE300AF7076 /* Comment.m */ = {isa = PBXFileReference; fileEncoding = 4; lastKnownFileType = sourcecode.c.objc; path = Comment.m; sourceTree = "<group>"; };
		BAD52D8E1B4DF06B00AF7076 /* DataSource.h */ = {isa = PBXFileReference; fileEncoding = 4; lastKnownFileType = sourcecode.c.h; path = DataSource.h; sourceTree = "<group>"; };
		BAD52D8F1B4DF06B00AF7076 /* DataSource.m */ = {isa = PBXFileReference; fileEncoding = 4; lastKnownFileType = sourcecode.c.objc; path = DataSource.m; sourceTree = "<group>"; };
/* End PBXFileReference section */

/* Begin PBXFrameworksBuildPhase section */
		BA81B44E1B4D955600D96E1E /* Frameworks */ = {
			isa = PBXFrameworksBuildPhase;
			buildActionMask = 2147483647;
			files = (
			);
			runOnlyForDeploymentPostprocessing = 0;
		};
		BA81B4671B4D955600D96E1E /* Frameworks */ = {
			isa = PBXFrameworksBuildPhase;
			buildActionMask = 2147483647;
			files = (
			);
			runOnlyForDeploymentPostprocessing = 0;
		};
/* End PBXFrameworksBuildPhase section */

/* Begin PBXGroup section */
		BA81B4481B4D955600D96E1E = {
			isa = PBXGroup;
			children = (
				BA81B4531B4D955600D96E1E /* Blocstagram */,
				BA81B46D1B4D955600D96E1E /* BlocstagramTests */,
				BA81B4521B4D955600D96E1E /* Products */,
			);
			sourceTree = "<group>";
		};
		BA81B4521B4D955600D96E1E /* Products */ = {
			isa = PBXGroup;
			children = (
				BA81B4511B4D955600D96E1E /* Blocstagram.app */,
				BA81B46A1B4D955600D96E1E /* BlocstagramTests.xctest */,
			);
			name = Products;
			sourceTree = "<group>";
		};
		BA81B4531B4D955600D96E1E /* Blocstagram */ = {
			isa = PBXGroup;
			children = (
				BA81B47A1B4D983100D96E1E /* Images */,
				BA81B4581B4D955600D96E1E /* AppDelegate.h */,
				BA81B4591B4D955600D96E1E /* AppDelegate.m */,
				BA81B48F1B4D98A600D96E1E /* ImagesTableViewController.h */,
				BA81B4901B4D98A600D96E1E /* ImagesTableViewController.m */,
				BA81B4611B4D955600D96E1E /* Images.xcassets */,
				BA81B4631B4D955600D96E1E /* LaunchScreen.xib */,
				BA81B4541B4D955600D96E1E /* Supporting Files */,
				BAD52D851B4DEED400AF7076 /* User.h */,
				BAD52D861B4DEED400AF7076 /* User.m */,
				BAD52D881B4DEF4E00AF7076 /* Media.h */,
				BAD52D891B4DEF4E00AF7076 /* Media.m */,
				BAD52D8B1B4DEFE300AF7076 /* Comment.h */,
				BAD52D8C1B4DEFE300AF7076 /* Comment.m */,
				BAD52D8E1B4DF06B00AF7076 /* DataSource.h */,
				BAD52D8F1B4DF06B00AF7076 /* DataSource.m */,
			);
			path = Blocstagram;
			sourceTree = "<group>";
		};
		BA81B4541B4D955600D96E1E /* Supporting Files */ = {
			isa = PBXGroup;
			children = (
				BA81B4551B4D955600D96E1E /* Info.plist */,
				BA81B4561B4D955600D96E1E /* main.m */,
			);
			name = "Supporting Files";
			sourceTree = "<group>";
		};
		BA81B46D1B4D955600D96E1E /* BlocstagramTests */ = {
			isa = PBXGroup;
			children = (
				BA81B4701B4D955600D96E1E /* BlocstagramTests.m */,
				BA81B46E1B4D955600D96E1E /* Supporting Files */,
			);
			path = BlocstagramTests;
			sourceTree = "<group>";
		};
		BA81B46E1B4D955600D96E1E /* Supporting Files */ = {
			isa = PBXGroup;
			children = (
				BA81B46F1B4D955600D96E1E /* Info.plist */,
			);
			name = "Supporting Files";
			sourceTree = "<group>";
		};
		BA81B47A1B4D983100D96E1E /* Images */ = {
			isa = PBXGroup;
			children = (
				BA81B47B1B4D986A00D96E1E /* 1.JPG */,
				BA81B47C1B4D986A00D96E1E /* 2.JPG */,
				BA81B47D1B4D986A00D96E1E /* 3.JPG */,
				BA81B47E1B4D986A00D96E1E /* 4.JPG */,
				BA81B47F1B4D986A00D96E1E /* 5.JPG */,
				BA81B4801B4D986A00D96E1E /* 6.JPG */,
				BA81B4811B4D986A00D96E1E /* 7.JPG */,
				BA81B4821B4D986A00D96E1E /* 8.JPG */,
				BA81B4831B4D986A00D96E1E /* 9.JPG */,
				BA81B4841B4D986A00D96E1E /* 10.JPG */,
			);
			name = Images;
			sourceTree = "<group>";
		};
/* End PBXGroup section */

/* Begin PBXNativeTarget section */
		BA81B4501B4D955600D96E1E /* Blocstagram */ = {
			isa = PBXNativeTarget;
			buildConfigurationList = BA81B4741B4D955600D96E1E /* Build configuration list for PBXNativeTarget "Blocstagram" */;
			buildPhases = (
				BA81B44D1B4D955600D96E1E /* Sources */,
				BA81B44E1B4D955600D96E1E /* Frameworks */,
				BA81B44F1B4D955600D96E1E /* Resources */,
			);
			buildRules = (
			);
			dependencies = (
			);
			name = Blocstagram;
			productName = Blocstagram;
			productReference = BA81B4511B4D955600D96E1E /* Blocstagram.app */;
			productType = "com.apple.product-type.application";
		};
		BA81B4691B4D955600D96E1E /* BlocstagramTests */ = {
			isa = PBXNativeTarget;
			buildConfigurationList = BA81B4771B4D955600D96E1E /* Build configuration list for PBXNativeTarget "BlocstagramTests" */;
			buildPhases = (
				BA81B4661B4D955600D96E1E /* Sources */,
				BA81B4671B4D955600D96E1E /* Frameworks */,
				BA81B4681B4D955600D96E1E /* Resources */,
			);
			buildRules = (
			);
			dependencies = (
				BA81B46C1B4D955600D96E1E /* PBXTargetDependency */,
			);
			name = BlocstagramTests;
			productName = BlocstagramTests;
			productReference = BA81B46A1B4D955600D96E1E /* BlocstagramTests.xctest */;
			productType = "com.apple.product-type.bundle.unit-test";
		};
/* End PBXNativeTarget section */

/* Begin PBXProject section */
		BA81B4491B4D955600D96E1E /* Project object */ = {
			isa = PBXProject;
			attributes = {
				LastUpgradeCheck = 0640;
				ORGANIZATIONNAME = "Charles Wesley Cho";
				TargetAttributes = {
					BA81B4501B4D955600D96E1E = {
						CreatedOnToolsVersion = 6.4;
					};
					BA81B4691B4D955600D96E1E = {
						CreatedOnToolsVersion = 6.4;
						TestTargetID = BA81B4501B4D955600D96E1E;
					};
				};
			};
			buildConfigurationList = BA81B44C1B4D955600D96E1E /* Build configuration list for PBXProject "Blocstagram" */;
			compatibilityVersion = "Xcode 3.2";
			developmentRegion = English;
			hasScannedForEncodings = 0;
			knownRegions = (
				en,
				Base,
			);
			mainGroup = BA81B4481B4D955600D96E1E;
			productRefGroup = BA81B4521B4D955600D96E1E /* Products */;
			projectDirPath = "";
			projectRoot = "";
			targets = (
				BA81B4501B4D955600D96E1E /* Blocstagram */,
				BA81B4691B4D955600D96E1E /* BlocstagramTests */,
			);
		};
/* End PBXProject section */

/* Begin PBXResourcesBuildPhase section */
		BA81B44F1B4D955600D96E1E /* Resources */ = {
			isa = PBXResourcesBuildPhase;
			buildActionMask = 2147483647;
			files = (
				BA81B48D1B4D986A00D96E1E /* 9.JPG in Resources */,
				BA81B4891B4D986A00D96E1E /* 5.JPG in Resources */,
				BA81B4881B4D986A00D96E1E /* 4.JPG in Resources */,
				BA81B48A1B4D986A00D96E1E /* 6.JPG in Resources */,
				BA81B48B1B4D986A00D96E1E /* 7.JPG in Resources */,
				BA81B4851B4D986A00D96E1E /* 1.JPG in Resources */,
				BA81B48E1B4D986A00D96E1E /* 10.JPG in Resources */,
				BA81B4651B4D955600D96E1E /* LaunchScreen.xib in Resources */,
				BA81B4861B4D986A00D96E1E /* 2.JPG in Resources */,
				BA81B4871B4D986A00D96E1E /* 3.JPG in Resources */,
				BA81B48C1B4D986A00D96E1E /* 8.JPG in Resources */,
				BA81B4621B4D955600D96E1E /* Images.xcassets in Resources */,
			);
			runOnlyForDeploymentPostprocessing = 0;
		};
		BA81B4681B4D955600D96E1E /* Resources */ = {
			isa = PBXResourcesBuildPhase;
			buildActionMask = 2147483647;
			files = (
			);
			runOnlyForDeploymentPostprocessing = 0;
		};
/* End PBXResourcesBuildPhase section */

/* Begin PBXSourcesBuildPhase section */
		BA81B44D1B4D955600D96E1E /* Sources */ = {
			isa = PBXSourcesBuildPhase;
			buildActionMask = 2147483647;
			files = (
				BAD52D901B4DF06B00AF7076 /* DataSource.m in Sources */,
				BAD52D871B4DEED400AF7076 /* User.m in Sources */,
				BAD52D8D1B4DEFE300AF7076 /* Comment.m in Sources */,
				BAD52D8A1B4DEF4E00AF7076 /* Media.m in Sources */,
				BA81B45A1B4D955600D96E1E /* AppDelegate.m in Sources */,
				BA81B4571B4D955600D96E1E /* main.m in Sources */,
				BA81B4911B4D98A600D96E1E /* ImagesTableViewController.m in Sources */,
			);
			runOnlyForDeploymentPostprocessing = 0;
		};
		BA81B4661B4D955600D96E1E /* Sources */ = {
			isa = PBXSourcesBuildPhase;
			buildActionMask = 2147483647;
			files = (
				BA81B4711B4D955600D96E1E /* BlocstagramTests.m in Sources */,
			);
			runOnlyForDeploymentPostprocessing = 0;
		};
/* End PBXSourcesBuildPhase section */

/* Begin PBXTargetDependency section */
		BA81B46C1B4D955600D96E1E /* PBXTargetDependency */ = {
			isa = PBXTargetDependency;
			target = BA81B4501B4D955600D96E1E /* Blocstagram */;
			targetProxy = BA81B46B1B4D955600D96E1E /* PBXContainerItemProxy */;
		};
/* End PBXTargetDependency section */

/* Begin PBXVariantGroup section */
		BA81B4631B4D955600D96E1E /* LaunchScreen.xib */ = {
			isa = PBXVariantGroup;
			children = (
				BA81B4641B4D955600D96E1E /* Base */,
			);
			name = LaunchScreen.xib;
			sourceTree = "<group>";
		};
/* End PBXVariantGroup section */

/* Begin XCBuildConfiguration section */
		BA81B4721B4D955600D96E1E /* Debug */ = {
			isa = XCBuildConfiguration;
			buildSettings = {
				ALWAYS_SEARCH_USER_PATHS = NO;
				CLANG_CXX_LANGUAGE_STANDARD = "gnu++0x";
				CLANG_CXX_LIBRARY = "libc++";
				CLANG_ENABLE_MODULES = YES;
				CLANG_ENABLE_OBJC_ARC = YES;
				CLANG_WARN_BOOL_CONVERSION = YES;
				CLANG_WARN_CONSTANT_CONVERSION = YES;
				CLANG_WARN_DIRECT_OBJC_ISA_USAGE = YES_ERROR;
				CLANG_WARN_EMPTY_BODY = YES;
				CLANG_WARN_ENUM_CONVERSION = YES;
				CLANG_WARN_INT_CONVERSION = YES;
				CLANG_WARN_OBJC_ROOT_CLASS = YES_ERROR;
				CLANG_WARN_UNREACHABLE_CODE = YES;
				CLANG_WARN__DUPLICATE_METHOD_MATCH = YES;
				"CODE_SIGN_IDENTITY[sdk=iphoneos*]" = "iPhone Developer";
				COPY_PHASE_STRIP = NO;
				DEBUG_INFORMATION_FORMAT = "dwarf-with-dsym";
				ENABLE_STRICT_OBJC_MSGSEND = YES;
				GCC_C_LANGUAGE_STANDARD = gnu99;
				GCC_DYNAMIC_NO_PIC = NO;
				GCC_NO_COMMON_BLOCKS = YES;
				GCC_OPTIMIZATION_LEVEL = 0;
				GCC_PREPROCESSOR_DEFINITIONS = (
					"DEBUG=1",
					"$(inherited)",
				);
				GCC_SYMBOLS_PRIVATE_EXTERN = NO;
				GCC_WARN_64_TO_32_BIT_CONVERSION = YES;
				GCC_WARN_ABOUT_RETURN_TYPE = YES_ERROR;
				GCC_WARN_UNDECLARED_SELECTOR = YES;
				GCC_WARN_UNINITIALIZED_AUTOS = YES_AGGRESSIVE;
				GCC_WARN_UNUSED_FUNCTION = YES;
				GCC_WARN_UNUSED_VARIABLE = YES;
				IPHONEOS_DEPLOYMENT_TARGET = 8.4;
				MTL_ENABLE_DEBUG_INFO = YES;
				ONLY_ACTIVE_ARCH = YES;
				SDKROOT = iphoneos;
				TARGETED_DEVICE_FAMILY = "1,2";
			};
			name = Debug;
		};
		BA81B4731B4D955600D96E1E /* Release */ = {
			isa = XCBuildConfiguration;
			buildSettings = {
				ALWAYS_SEARCH_USER_PATHS = NO;
				CLANG_CXX_LANGUAGE_STANDARD = "gnu++0x";
				CLANG_CXX_LIBRARY = "libc++";
				CLANG_ENABLE_MODULES = YES;
				CLANG_ENABLE_OBJC_ARC = YES;
				CLANG_WARN_BOOL_CONVERSION = YES;
				CLANG_WARN_CONSTANT_CONVERSION = YES;
				CLANG_WARN_DIRECT_OBJC_ISA_USAGE = YES_ERROR;
				CLANG_WARN_EMPTY_BODY = YES;
				CLANG_WARN_ENUM_CONVERSION = YES;
				CLANG_WARN_INT_CONVERSION = YES;
				CLANG_WARN_OBJC_ROOT_CLASS = YES_ERROR;
				CLANG_WARN_UNREACHABLE_CODE = YES;
				CLANG_WARN__DUPLICATE_METHOD_MATCH = YES;
				"CODE_SIGN_IDENTITY[sdk=iphoneos*]" = "iPhone Developer";
				COPY_PHASE_STRIP = NO;
				DEBUG_INFORMATION_FORMAT = "dwarf-with-dsym";
				ENABLE_NS_ASSERTIONS = NO;
				ENABLE_STRICT_OBJC_MSGSEND = YES;
				GCC_C_LANGUAGE_STANDARD = gnu99;
				GCC_NO_COMMON_BLOCKS = YES;
				GCC_WARN_64_TO_32_BIT_CONVERSION = YES;
				GCC_WARN_ABOUT_RETURN_TYPE = YES_ERROR;
				GCC_WARN_UNDECLARED_SELECTOR = YES;
				GCC_WARN_UNINITIALIZED_AUTOS = YES_AGGRESSIVE;
				GCC_WARN_UNUSED_FUNCTION = YES;
				GCC_WARN_UNUSED_VARIABLE = YES;
				IPHONEOS_DEPLOYMENT_TARGET = 8.4;
				MTL_ENABLE_DEBUG_INFO = NO;
				SDKROOT = iphoneos;
				TARGETED_DEVICE_FAMILY = "1,2";
				VALIDATE_PRODUCT = YES;
			};
			name = Release;
		};
		BA81B4751B4D955600D96E1E /* Debug */ = {
			isa = XCBuildConfiguration;
			buildSettings = {
				ASSETCATALOG_COMPILER_APPICON_NAME = AppIcon;
				INFOPLIST_FILE = Blocstagram/Info.plist;
				LD_RUNPATH_SEARCH_PATHS = "$(inherited) @executable_path/Frameworks";
				PRODUCT_NAME = "$(TARGET_NAME)";
			};
			name = Debug;
		};
		BA81B4761B4D955600D96E1E /* Release */ = {
			isa = XCBuildConfiguration;
			buildSettings = {
				ASSETCATALOG_COMPILER_APPICON_NAME = AppIcon;
				INFOPLIST_FILE = Blocstagram/Info.plist;
				LD_RUNPATH_SEARCH_PATHS = "$(inherited) @executable_path/Frameworks";
				PRODUCT_NAME = "$(TARGET_NAME)";
			};
			name = Release;
		};
		BA81B4781B4D955600D96E1E /* Debug */ = {
			isa = XCBuildConfiguration;
			buildSettings = {
				BUNDLE_LOADER = "$(TEST_HOST)";
				FRAMEWORK_SEARCH_PATHS = (
					"$(SDKROOT)/Developer/Library/Frameworks",
					"$(inherited)",
				);
				GCC_PREPROCESSOR_DEFINITIONS = (
					"DEBUG=1",
					"$(inherited)",
				);
				INFOPLIST_FILE = BlocstagramTests/Info.plist;
				LD_RUNPATH_SEARCH_PATHS = "$(inherited) @executable_path/Frameworks @loader_path/Frameworks";
				PRODUCT_NAME = "$(TARGET_NAME)";
				TEST_HOST = "$(BUILT_PRODUCTS_DIR)/Blocstagram.app/Blocstagram";
			};
			name = Debug;
		};
		BA81B4791B4D955600D96E1E /* Release */ = {
			isa = XCBuildConfiguration;
			buildSettings = {
				BUNDLE_LOADER = "$(TEST_HOST)";
				FRAMEWORK_SEARCH_PATHS = (
					"$(SDKROOT)/Developer/Library/Frameworks",
					"$(inherited)",
				);
				INFOPLIST_FILE = BlocstagramTests/Info.plist;
				LD_RUNPATH_SEARCH_PATHS = "$(inherited) @executable_path/Frameworks @loader_path/Frameworks";
				PRODUCT_NAME = "$(TARGET_NAME)";
				TEST_HOST = "$(BUILT_PRODUCTS_DIR)/Blocstagram.app/Blocstagram";
			};
			name = Release;
		};
/* End XCBuildConfiguration section */

/* Begin XCConfigurationList section */
		BA81B44C1B4D955600D96E1E /* Build configuration list for PBXProject "Blocstagram" */ = {
			isa = XCConfigurationList;
			buildConfigurations = (
				BA81B4721B4D955600D96E1E /* Debug */,
				BA81B4731B4D955600D96E1E /* Release */,
			);
			defaultConfigurationIsVisible = 0;
			defaultConfigurationName = Release;
		};
		BA81B4741B4D955600D96E1E /* Build configuration list for PBXNativeTarget "Blocstagram" */ = {
			isa = XCConfigurationList;
			buildConfigurations = (
				BA81B4751B4D955600D96E1E /* Debug */,
				BA81B4761B4D955600D96E1E /* Release */,
			);
			defaultConfigurationIsVisible = 0;
			defaultConfigurationName = Release;
		};
		BA81B4771B4D955600D96E1E /* Build configuration list for PBXNativeTarget "BlocstagramTests" */ = {
			isa = XCConfigurationList;
			buildConfigurations = (
				BA81B4781B4D955600D96E1E /* Debug */,
				BA81B4791B4D955600D96E1E /* Release */,
			);
			defaultConfigurationIsVisible = 0;
			defaultConfigurationName = Release;
		};
/* End XCConfigurationList section */
	};
	rootObject = BA81B4491B4D955600D96E1E /* Project object */;
}
